// !$*UTF8*$!
{
	archiveVersion = 1;
	classes = {
	};
	objectVersion = 46;
	objects = {

/* Begin PBXBuildFile section */
		4801F6051B2A6F10E580B970 /* Pods_Flicks.framework in Frameworks */ = {isa = PBXBuildFile; fileRef = 7F574C63F315D1E986AF35C8 /* Pods_Flicks.framework */; };
		D06DBE831E46CA6600798822 /* AppDelegate.swift in Sources */ = {isa = PBXBuildFile; fileRef = D06DBE821E46CA6600798822 /* AppDelegate.swift */; };
		D06DBE881E46CA6600798822 /* Main.storyboard in Resources */ = {isa = PBXBuildFile; fileRef = D06DBE861E46CA6600798822 /* Main.storyboard */; };
		D06DBE8A1E46CA6600798822 /* Assets.xcassets in Resources */ = {isa = PBXBuildFile; fileRef = D06DBE891E46CA6600798822 /* Assets.xcassets */; };
		D06DBE8D1E46CA6600798822 /* LaunchScreen.storyboard in Resources */ = {isa = PBXBuildFile; fileRef = D06DBE8B1E46CA6600798822 /* LaunchScreen.storyboard */; };
		D06DBE9B1E46D27900798822 /* ViewController.swift in Sources */ = {isa = PBXBuildFile; fileRef = D06DBE9A1E46D27900798822 /* ViewController.swift */; };
		D06DBE9D1E46DB7E00798822 /* MovieCell.swift in Sources */ = {isa = PBXBuildFile; fileRef = D06DBE9C1E46DB7E00798822 /* MovieCell.swift */; };
		D0BB3A081E4821C80097C82A /* iconmonstr-warning-7-240.png in Resources */ = {isa = PBXBuildFile; fileRef = D0BB3A071E4821C80097C82A /* iconmonstr-warning-7-240.png */; };
/* End PBXBuildFile section */

/* Begin PBXFileReference section */
		6E97E76FF4CAF0698462699E /* Pods-Flicks.debug.xcconfig */ = {isa = PBXFileReference; includeInIndex = 1; lastKnownFileType = text.xcconfig; name = "Pods-Flicks.debug.xcconfig"; path = "Pods/Target Support Files/Pods-Flicks/Pods-Flicks.debug.xcconfig"; sourceTree = "<group>"; };
		7F574C63F315D1E986AF35C8 /* Pods_Flicks.framework */ = {isa = PBXFileReference; explicitFileType = wrapper.framework; includeInIndex = 0; path = Pods_Flicks.framework; sourceTree = BUILT_PRODUCTS_DIR; };
		D06DBE7F1E46CA6600798822 /* Flicks.app */ = {isa = PBXFileReference; explicitFileType = wrapper.application; includeInIndex = 0; path = Flicks.app; sourceTree = BUILT_PRODUCTS_DIR; };
		D06DBE821E46CA6600798822 /* AppDelegate.swift */ = {isa = PBXFileReference; lastKnownFileType = sourcecode.swift; path = AppDelegate.swift; sourceTree = "<group>"; };
		D06DBE871E46CA6600798822 /* Base */ = {isa = PBXFileReference; lastKnownFileType = file.storyboard; name = Base; path = Base.lproj/Main.storyboard; sourceTree = "<group>"; };
		D06DBE891E46CA6600798822 /* Assets.xcassets */ = {isa = PBXFileReference; lastKnownFileType = folder.assetcatalog; path = Assets.xcassets; sourceTree = "<group>"; };
		D06DBE8C1E46CA6600798822 /* Base */ = {isa = PBXFileReference; lastKnownFileType = file.storyboard; name = Base; path = Base.lproj/LaunchScreen.storyboard; sourceTree = "<group>"; };
		D06DBE8E1E46CA6600798822 /* Info.plist */ = {isa = PBXFileReference; lastKnownFileType = text.plist.xml; path = Info.plist; sourceTree = "<group>"; };
		D06DBE9A1E46D27900798822 /* ViewController.swift */ = {isa = PBXFileReference; fileEncoding = 4; lastKnownFileType = sourcecode.swift; path = ViewController.swift; sourceTree = "<group>"; };
		D06DBE9C1E46DB7E00798822 /* MovieCell.swift */ = {isa = PBXFileReference; fileEncoding = 4; lastKnownFileType = sourcecode.swift; path = MovieCell.swift; sourceTree = "<group>"; };
		D0BB3A071E4821C80097C82A /* iconmonstr-warning-7-240.png */ = {isa = PBXFileReference; lastKnownFileType = image.png; path = "iconmonstr-warning-7-240.png"; sourceTree = "<group>"; };
		F871FCBE202C9AB3C5EAD9CF /* Pods-Flicks.release.xcconfig */ = {isa = PBXFileReference; includeInIndex = 1; lastKnownFileType = text.xcconfig; name = "Pods-Flicks.release.xcconfig"; path = "Pods/Target Support Files/Pods-Flicks/Pods-Flicks.release.xcconfig"; sourceTree = "<group>"; };
/* End PBXFileReference section */

/* Begin PBXFrameworksBuildPhase section */
		D06DBE7C1E46CA6600798822 /* Frameworks */ = {
			isa = PBXFrameworksBuildPhase;
			buildActionMask = 2147483647;
			files = (
				4801F6051B2A6F10E580B970 /* Pods_Flicks.framework in Frameworks */,
			);
			runOnlyForDeploymentPostprocessing = 0;
		};
/* End PBXFrameworksBuildPhase section */

/* Begin PBXGroup section */
		70F66150A9AFE011C1AF83AE /* Pods */ = {
			isa = PBXGroup;
			children = (
				6E97E76FF4CAF0698462699E /* Pods-Flicks.debug.xcconfig */,
				F871FCBE202C9AB3C5EAD9CF /* Pods-Flicks.release.xcconfig */,
			);
			name = Pods;
			sourceTree = "<group>";
		};
		D06DBE761E46CA6600798822 = {
			isa = PBXGroup;
			children = (
				D06DBE811E46CA6600798822 /* Flicks */,
				D06DBE801E46CA6600798822 /* Products */,
				70F66150A9AFE011C1AF83AE /* Pods */,
				F172BE030B6DC12C2256C30F /* Frameworks */,
			);
			sourceTree = "<group>";
		};
		D06DBE801E46CA6600798822 /* Products */ = {
			isa = PBXGroup;
			children = (
				D06DBE7F1E46CA6600798822 /* Flicks.app */,
			);
			name = Products;
			sourceTree = "<group>";
		};
		D06DBE811E46CA6600798822 /* Flicks */ = {
			isa = PBXGroup;
			children = (
				D06DBE821E46CA6600798822 /* AppDelegate.swift */,
				D06DBE861E46CA6600798822 /* Main.storyboard */,
				D06DBE9C1E46DB7E00798822 /* MovieCell.swift */,
				D06DBE9A1E46D27900798822 /* ViewController.swift */,
				D06DBE891E46CA6600798822 /* Assets.xcassets */,
				D0BB3A071E4821C80097C82A /* iconmonstr-warning-7-240.png */,
				D06DBE8B1E46CA6600798822 /* LaunchScreen.storyboard */,
				D06DBE8E1E46CA6600798822 /* Info.plist */,
			);
			path = Flicks;
			sourceTree = "<group>";
		};
		F172BE030B6DC12C2256C30F /* Frameworks */ = {
			isa = PBXGroup;
			children = (
				7F574C63F315D1E986AF35C8 /* Pods_Flicks.framework */,
			);
			name = Frameworks;
			sourceTree = "<group>";
		};
/* End PBXGroup section */

/* Begin PBXNativeTarget section */
		D06DBE7E1E46CA6600798822 /* Flicks */ = {
			isa = PBXNativeTarget;
			buildConfigurationList = D06DBE911E46CA6600798822 /* Build configuration list for PBXNativeTarget "Flicks" */;
			buildPhases = (
				E52984FD0A61F9DF2CDDE5B1 /* [CP] Check Pods Manifest.lock */,
				D06DBE7B1E46CA6600798822 /* Sources */,
				D06DBE7C1E46CA6600798822 /* Frameworks */,
				D06DBE7D1E46CA6600798822 /* Resources */,
				B34936D23B07E4C232D292A7 /* [CP] Embed Pods Frameworks */,
				29D5E853A08B02F737F85D77 /* [CP] Copy Pods Resources */,
			);
			buildRules = (
			);
			dependencies = (
			);
			name = Flicks;
			productName = Flicks;
			productReference = D06DBE7F1E46CA6600798822 /* Flicks.app */;
			productType = "com.apple.product-type.application";
		};
/* End PBXNativeTarget section */

/* Begin PBXProject section */
		D06DBE771E46CA6600798822 /* Project object */ = {
			isa = PBXProject;
			attributes = {
				LastSwiftUpdateCheck = 0820;
				LastUpgradeCheck = 0820;
				ORGANIZATIONNAME = "Vicky Tang";
				TargetAttributes = {
					D06DBE7E1E46CA6600798822 = {
						CreatedOnToolsVersion = 8.2.1;
						ProvisioningStyle = Automatic;
					};
				};
			};
			buildConfigurationList = D06DBE7A1E46CA6600798822 /* Build configuration list for PBXProject "Flicks" */;
			compatibilityVersion = "Xcode 3.2";
			developmentRegion = English;
			hasScannedForEncodings = 0;
			knownRegions = (
				en,
				Base,
			);
			mainGroup = D06DBE761E46CA6600798822;
			productRefGroup = D06DBE801E46CA6600798822 /* Products */;
			projectDirPath = "";
			projectRoot = "";
			targets = (
				D06DBE7E1E46CA6600798822 /* Flicks */,
			);
		};
/* End PBXProject section */

/* Begin PBXResourcesBuildPhase section */
		D06DBE7D1E46CA6600798822 /* Resources */ = {
			isa = PBXResourcesBuildPhase;
			buildActionMask = 2147483647;
			files = (
				D06DBE8D1E46CA6600798822 /* LaunchScreen.storyboard in Resources */,
				D0BB3A081E4821C80097C82A /* iconmonstr-warning-7-240.png in Resources */,
				D06DBE8A1E46CA6600798822 /* Assets.xcassets in Resources */,
				D06DBE881E46CA6600798822 /* Main.storyboard in Resources */,
			);
			runOnlyForDeploymentPostprocessing = 0;
		};
/* End PBXResourcesBuildPhase section */

/* Begin PBXShellScriptBuildPhase section */
		29D5E853A08B02F737F85D77 /* [CP] Copy Pods Resources */ = {
			isa = PBXShellScriptBuildPhase;
			buildActionMask = 2147483647;
			files = (
			);
			inputPaths = (
			);
			name = "[CP] Copy Pods Resources";
			outputPaths = (
			);
			runOnlyForDeploymentPostprocessing = 0;
			shellPath = /bin/sh;
			shellScript = "\"${SRCROOT}/Pods/Target Support Files/Pods-Flicks/Pods-Flicks-resources.sh\"\n";
			showEnvVarsInLog = 0;
		};
		B34936D23B07E4C232D292A7 /* [CP] Embed Pods Frameworks */ = {
			isa = PBXShellScriptBuildPhase;
			buildActionMask = 2147483647;
			files = (
			);
			inputPaths = (
			);
			name = "[CP] Embed Pods Frameworks";
			outputPaths = (
			);
			runOnlyForDeploymentPostprocessing = 0;
			shellPath = /bin/sh;
			shellScript = "\"${SRCROOT}/Pods/Target Support Files/Pods-Flicks/Pods-Flicks-frameworks.sh\"\n";
			showEnvVarsInLog = 0;
		};
		E52984FD0A61F9DF2CDDE5B1 /* [CP] Check Pods Manifest.lock */ = {
			isa = PBXShellScriptBuildPhase;
			buildActionMask = 2147483647;
			files = (
			);
			inputPaths = (
			);
			name = "[CP] Check Pods Manifest.lock";
			outputPaths = (
			);
			runOnlyForDeploymentPostprocessing = 0;
			shellPath = /bin/sh;
			shellScript = "diff \"${PODS_ROOT}/../Podfile.lock\" \"${PODS_ROOT}/Manifest.lock\" > /dev/null\nif [ $? != 0 ] ; then\n    # print error to STDERR\n    echo \"error: The sandbox is not in sync with the Podfile.lock. Run 'pod install' or update your CocoaPods installation.\" >&2\n    exit 1\nfi\n";
			showEnvVarsInLog = 0;
		};
/* End PBXShellScriptBuildPhase section */

/* Begin PBXSourcesBuildPhase section */
		D06DBE7B1E46CA6600798822 /* Sources */ = {
			isa = PBXSourcesBuildPhase;
			buildActionMask = 2147483647;
			files = (
				D06DBE9B1E46D27900798822 /* ViewController.swift in Sources */,
				D06DBE831E46CA6600798822 /* AppDelegate.swift in Sources */,
				D06DBE9D1E46DB7E00798822 /* MovieCell.swift in Sources */,
			);
			runOnlyForDeploymentPostprocessing = 0;
		};
/* End PBXSourcesBuildPhase section */

/* Begin PBXVariantGroup section */
		D06DBE861E46CA6600798822 /* Main.storyboard */ = {
			isa = PBXVariantGroup;
			children = (
				D06DBE871E46CA6600798822 /* Base */,
			);
			name = Main.storyboard;
			sourceTree = "<group>";
		};
		D06DBE8B1E46CA6600798822 /* LaunchScreen.storyboard */ = {
			isa = PBXVariantGroup;
			children = (
				D06DBE8C1E46CA6600798822 /* Base */,
			);
			name = LaunchScreen.storyboard;
			sourceTree = "<group>";
		};
/* End PBXVariantGroup section */

/* Begin XCBuildConfiguration section */
		D06DBE8F1E46CA6600798822 /* Debug */ = {
			isa = XCBuildConfiguration;
			buildSettings = {
				ALWAYS_SEARCH_USER_PATHS = NO;
				CLANG_ANALYZER_NONNULL = YES;
				CLANG_CXX_LANGUAGE_STANDARD = "gnu++0x";
				CLANG_CXX_LIBRARY = "libc++";
				CLANG_ENABLE_MODULES = YES;
				CLANG_ENABLE_OBJC_ARC = YES;
				CLANG_WARN_BOOL_CONVERSION = YES;
				CLANG_WARN_CONSTANT_CONVERSION = YES;
				CLANG_WARN_DIRECT_OBJC_ISA_USAGE = YES_ERROR;
				CLANG_WARN_DOCUMENTATION_COMMENTS = YES;
				CLANG_WARN_EMPTY_BODY = YES;
				CLANG_WARN_ENUM_CONVERSION = YES;
				CLANG_WARN_INFINITE_RECURSION = YES;
				CLANG_WARN_INT_CONVERSION = YES;
				CLANG_WARN_OBJC_ROOT_CLASS = YES_ERROR;
				CLANG_WARN_SUSPICIOUS_MOVE = YES;
				CLANG_WARN_UNREACHABLE_CODE = YES;
				CLANG_WARN__DUPLICATE_METHOD_MATCH = YES;
				"CODE_SIGN_IDENTITY[sdk=iphoneos*]" = "iPhone Developer";
				COPY_PHASE_STRIP = NO;
				DEBUG_INFORMATION_FORMAT = dwarf;
				ENABLE_STRICT_OBJC_MSGSEND = YES;
				ENABLE_TESTABILITY = YES;
				GCC_C_LANGUAGE_STANDARD = gnu99;
				GCC_DYNAMIC_NO_PIC = NO;
				GCC_NO_COMMON_BLOCKS = YES;
				GCC_OPTIMIZATION_LEVEL = 0;
				GCC_PREPROCESSOR_DEFINITIONS = (
					"DEBUG=1",
					"$(inherited)",
				);
				GCC_WARN_64_TO_32_BIT_CONVERSION = YES;
				GCC_WARN_ABOUT_RETURN_TYPE = YES_ERROR;
				GCC_WARN_UNDECLARED_SELECTOR = YES;
				GCC_WARN_UNINITIALIZED_AUTOS = YES_AGGRESSIVE;
				GCC_WARN_UNUSED_FUNCTION = YES;
				GCC_WARN_UNUSED_VARIABLE = YES;
				IPHONEOS_DEPLOYMENT_TARGET = 10.2;
				MTL_ENABLE_DEBUG_INFO = YES;
				ONLY_ACTIVE_ARCH = YES;
				SDKROOT = iphoneos;
				SWIFT_ACTIVE_COMPILATION_CONDITIONS = DEBUG;
				SWIFT_OPTIMIZATION_LEVEL = "-Onone";
			};
			name = Debug;
		};
		D06DBE901E46CA6600798822 /* Release */ = {
			isa = XCBuildConfiguration;
			buildSettings = {
				ALWAYS_SEARCH_USER_PATHS = NO;
				CLANG_ANALYZER_NONNULL = YES;
				CLANG_CXX_LANGUAGE_STANDARD = "gnu++0x";
				CLANG_CXX_LIBRARY = "libc++";
				CLANG_ENABLE_MODULES = YES;
				CLANG_ENABLE_OBJC_ARC = YES;
				CLANG_WARN_BOOL_CONVERSION = YES;
				CLANG_WARN_CONSTANT_CONVERSION = YES;
				CLANG_WARN_DIRECT_OBJC_ISA_USAGE = YES_ERROR;
				CLANG_WARN_DOCUMENTATION_COMMENTS = YES;
				CLANG_WARN_EMPTY_BODY = YES;
				CLANG_WARN_ENUM_CONVERSION = YES;
				CLANG_WARN_INFINITE_RECURSION = YES;
				CLANG_WARN_INT_CONVERSION = YES;
				CLANG_WARN_OBJC_ROOT_CLASS = YES_ERROR;
				CLANG_WARN_SUSPICIOUS_MOVE = YES;
				CLANG_WARN_UNREACHABLE_CODE = YES;
				CLANG_WARN__DUPLICATE_METHOD_MATCH = YES;
				"CODE_SIGN_IDENTITY[sdk=iphoneos*]" = "iPhone Developer";
				COPY_PHASE_STRIP = NO;
				DEBUG_INFORMATION_FORMAT = "dwarf-with-dsym";
				ENABLE_NS_ASSERTIONS = NO;
				ENABLE_STRICT_OBJC_MSGSEND = YES;
				GCC_C_LANGUAGE_STANDARD = gnu99;
				GCC_NO_COMMON_BLOCKS = YES;
				GCC_WARN_64_TO_32_BIT_CONVERSION = YES;
				GCC_WARN_ABOUT_RETURN_TYPE = YES_ERROR;
				GCC_WARN_UNDECLARED_SELECTOR = YES;
				GCC_WARN_UNINITIALIZED_AUTOS = YES_AGGRESSIVE;
				GCC_WARN_UNUSED_FUNCTION = YES;
				GCC_WARN_UNUSED_VARIABLE = YES;
				IPHONEOS_DEPLOYMENT_TARGET = 10.2;
				MTL_ENABLE_DEBUG_INFO = NO;
				SDKROOT = iphoneos;
				SWIFT_OPTIMIZATION_LEVEL = "-Owholemodule";
				VALIDATE_PRODUCT = YES;
			};
			name = Release;
		};
		D06DBE921E46CA6600798822 /* Debug */ = {
			isa = XCBuildConfiguration;
			baseConfigurationReference = 6E97E76FF4CAF0698462699E /* Pods-Flicks.debug.xcconfig */;
			buildSettings = {
				ASSETCATALOG_COMPILER_APPICON_NAME = AppIcon;
				INFOPLIST_FILE = Flicks/Info.plist;
				LD_RUNPATH_SEARCH_PATHS = "$(inherited) @executable_path/Frameworks";
				PRODUCT_BUNDLE_IDENTIFIER = com.VickyTang.Flicks;
				PRODUCT_NAME = "$(TARGET_NAME)";
				SWIFT_VERSION = 3.0;
			};
			name = Debug;
		};
		D06DBE931E46CA6600798822 /* Release */ = {
			isa = XCBuildConfiguration;
			baseConfigurationReference = F871FCBE202C9AB3C5EAD9CF /* Pods-Flicks.release.xcconfig */;
			buildSettings = {
				ASSETCATALOG_COMPILER_APPICON_NAME = AppIcon;
				INFOPLIST_FILE = Flicks/Info.plist;
				LD_RUNPATH_SEARCH_PATHS = "$(inherited) @executable_path/Frameworks";
				PRODUCT_BUNDLE_IDENTIFIER = com.VickyTang.Flicks;
				PRODUCT_NAME = "$(TARGET_NAME)";
				SWIFT_VERSION = 3.0;
			};
			name = Release;
		};
/* End XCBuildConfiguration section */

/* Begin XCConfigurationList section */
		D06DBE7A1E46CA6600798822 /* Build configuration list for PBXProject "Flicks" */ = {
			isa = XCConfigurationList;
			buildConfigurations = (
				D06DBE8F1E46CA6600798822 /* Debug */,
				D06DBE901E46CA6600798822 /* Release */,
			);
			defaultConfigurationIsVisible = 0;
			defaultConfigurationName = Release;
		};
		D06DBE911E46CA6600798822 /* Build configuration list for PBXNativeTarget "Flicks" */ = {
			isa = XCConfigurationList;
			buildConfigurations = (
				D06DBE921E46CA6600798822 /* Debug */,
				D06DBE931E46CA6600798822 /* Release */,
			);
			defaultConfigurationIsVisible = 0;
			defaultConfigurationName = Release;
		};
/* End XCConfigurationList section */
	};
	rootObject = D06DBE771E46CA6600798822 /* Project object */;
}
